lockVersion: 2.0.0
id: 06e3d8ba-b2b3-41d7-b357-e553725dd8e9
management:
  docChecksum: 1bdb7a6f8bf3995d4b40475228403253
  docVersion: 1.0.0
  speakeasyVersion: internal
  generationVersion: 2.258.2
  releaseVersion: 0.9.0
  configChecksum: 359f6d73b217bf4a5f8f3f773573cd1d
  repoURL: https://github.com/speakeasy-sdks/test-go-dev-con.git
  repoSubDirectory: .
  installationURL: https://github.com/speakeasy-sdks/test-go-dev-con
  published: true
features:
  go:
    core: 3.4.0
    globalServerURLs: 2.82.1
generatedFiles:
  - pets.go
  - testgendevcon.go
  - go.mod
  - go.sum
  - pkg/models/sdkerrors/sdkerror.go
  - pkg/types/bigint.go
  - pkg/types/date.go
  - pkg/types/datetime.go
  - pkg/types/decimal.go
  - pkg/types/pointers.go
  - pkg/utils/contenttype.go
  - pkg/utils/form.go
  - pkg/utils/headers.go
  - pkg/utils/json.go
  - pkg/utils/pathparams.go
  - pkg/utils/queryparams.go
  - pkg/utils/requestbody.go
  - pkg/utils/retries.go
  - pkg/utils/security.go
  - pkg/utils/utils.go
  - /pkg/models/operations/createpets.go
  - /pkg/models/operations/listpets.go
  - /pkg/models/operations/showpetbyid.go
  - /pkg/models/shared/error.go
  - /pkg/models/shared/pet.go
  - docs/pkg/models/operations/createpetsresponse.md
  - docs/pkg/models/operations/listpetsrequest.md
  - docs/pkg/models/operations/listpetsresponse.md
  - docs/pkg/models/operations/showpetbyidrequest.md
  - docs/pkg/models/operations/showpetbyidresponse.md
  - docs/pkg/models/shared/error.md
  - docs/pkg/models/shared/pet.md
  - docs/sdks/testgendevcon/README.md
  - docs/sdks/pets/README.md
  - USAGE.md
  - .gitattributes
  - internal/hooks/hooks.go
